# This file is automatically @generated by Cargo.
# It is not intended for manual editing.
version = 4

[[package]]
name = "clinkz-wot-foundation"
version = "0.1.0"

[[package]]
name = "clinkz-wot-wp100-logical-time-correction-contract"
version = "0.0.0"
dependencies = [
 "clinkz-wot-foundation",
]
